
Microsoft Visual Studio Solution File, Format Version 12.00
# Visual Studio Version 17
VisualStudioVersion = 17.3.32901.215
MinimumVisualStudioVersion = 10.0.40219.1
Project("{FAE04EC0-301F-11D3-BF4B-00C04F79EFBC}") = "BlazorApp3", "BlazorApp3\BlazorApp3.csproj", "{CC0603B9-3DB9-4BE4-8F26-30AA4B9C2A77}"
EndProject
Global
	GlobalSection(SolutionConfigurationPlatforms) = preSolution
		Debug|Any CPU = Debug|Any CPU
		Release|Any CPU = Release|Any CPU
	EndGlobalSection
	GlobalSection(ProjectConfigurationPlatforms) = postSolution
		{CC0603B9-3DB9-4BE4-8F26-30AA4B9C2A77}.Debug|Any CPU.ActiveCfg = Debug|Any CPU
		{CC0603B9-3DB9-4BE4-8F26-30AA4B9C2A77}.Debug|Any CPU.Build.0 = Debug|Any CPU
		{CC0603B9-3DB9-4BE4-8F26-30AA4B9C2A77}.Release|Any CPU.ActiveCfg = Release|Any CPU
		{CC0603B9-3DB9-4BE4-8F26-30AA4B9C2A77}.Release|Any CPU.Build.0 = Release|Any CPU
	EndGlobalSection
	GlobalSection(SolutionProperties) = preSolution
		HideSolutionNode = FALSE
	EndGlobalSection
	GlobalSection(ExtensibilityGlobals) = postSolution
		SolutionGuid = {14FA7DF3-5D31-42BB-812A-9E628B5C2029}
	EndGlobalSection
EndGlobal
